
Microsoft Visual Studio Solution File, Format Version 12.00
# Visual Studio Version 16
VisualStudioVersion = 16.0.31402.337
MinimumVisualStudioVersion = 10.0.40219.1
Project("{FAE04EC0-301F-11D3-BF4B-00C04F79EFBC}") = "Eksamen", "Eksamen\Eksamen.csproj", "{E2AC00E0-BBA1-4755-B6F7-4D42B7FFC5A7}"
EndProject
Project("{FAE04EC0-301F-11D3-BF4B-00C04F79EFBC}") = "ClassLibrary", "ClassLibrary\ClassLibrary.csproj", "{A85472B1-9630-40A2-B5A2-EF603E2A6F32}"
EndProject
Project("{FAE04EC0-301F-11D3-BF4B-00C04F79EFBC}") = "UnitTestProject", "UnitTestProject\UnitTestProject.csproj", "{D4773DEE-F8BD-4A7A-97E2-3823C2E4A53C}"
EndProject
Global
	GlobalSection(SolutionConfigurationPlatforms) = preSolution
		Debug|Any CPU = Debug|Any CPU
		Release|Any CPU = Release|Any CPU
	EndGlobalSection
	GlobalSection(ProjectConfigurationPlatforms) = postSolution
		{E2AC00E0-BBA1-4755-B6F7-4D42B7FFC5A7}.Debug|Any CPU.ActiveCfg = Debug|Any CPU
		{E2AC00E0-BBA1-4755-B6F7-4D42B7FFC5A7}.Debug|Any CPU.Build.0 = Debug|Any CPU
		{E2AC00E0-BBA1-4755-B6F7-4D42B7FFC5A7}.Release|Any CPU.ActiveCfg = Release|Any CPU
		{E2AC00E0-BBA1-4755-B6F7-4D42B7FFC5A7}.Release|Any CPU.Build.0 = Release|Any CPU
		{A85472B1-9630-40A2-B5A2-EF603E2A6F32}.Debug|Any CPU.ActiveCfg = Debug|Any CPU
		{A85472B1-9630-40A2-B5A2-EF603E2A6F32}.Debug|Any CPU.Build.0 = Debug|Any CPU
		{A85472B1-9630-40A2-B5A2-EF603E2A6F32}.Release|Any CPU.ActiveCfg = Release|Any CPU
		{A85472B1-9630-40A2-B5A2-EF603E2A6F32}.Release|Any CPU.Build.0 = Release|Any CPU
		{D4773DEE-F8BD-4A7A-97E2-3823C2E4A53C}.Debug|Any CPU.ActiveCfg = Debug|Any CPU
		{D4773DEE-F8BD-4A7A-97E2-3823C2E4A53C}.Debug|Any CPU.Build.0 = Debug|Any CPU
		{D4773DEE-F8BD-4A7A-97E2-3823C2E4A53C}.Release|Any CPU.ActiveCfg = Release|Any CPU
		{D4773DEE-F8BD-4A7A-97E2-3823C2E4A53C}.Release|Any CPU.Build.0 = Release|Any CPU
	EndGlobalSection
	GlobalSection(SolutionProperties) = preSolution
		HideSolutionNode = FALSE
	EndGlobalSection
	GlobalSection(ExtensibilityGlobals) = postSolution
		SolutionGuid = {6074A8B4-ADE9-43AA-9E12-E07976165694}
	EndGlobalSection
EndGlobal
